
Microsoft Visual Studio Solution File, Format Version 12.00
# Visual Studio 2012
Project("{F088123C-0E9E-452A-89E6-6BA2F21D5CAC}") = "Modelisation", "Modelisation.modelproj", "{C8988786-1E42-4665-AB19-ED904ECD8E53}"
EndProject
Global
	GlobalSection(SolutionConfigurationPlatforms) = preSolution
		Debug|Any CPU = Debug|Any CPU
		Release|Any CPU = Release|Any CPU
	EndGlobalSection
	GlobalSection(ProjectConfigurationPlatforms) = postSolution
		{C8988786-1E42-4665-AB19-ED904ECD8E53}.Debug|Any CPU.ActiveCfg = Debug|Any CPU
		{C8988786-1E42-4665-AB19-ED904ECD8E53}.Debug|Any CPU.Build.0 = Debug|Any CPU
		{C8988786-1E42-4665-AB19-ED904ECD8E53}.Release|Any CPU.ActiveCfg = Release|Any CPU
		{C8988786-1E42-4665-AB19-ED904ECD8E53}.Release|Any CPU.Build.0 = Release|Any CPU
	EndGlobalSection
	GlobalSection(SolutionProperties) = preSolution
		HideSolutionNode = FALSE
	EndGlobalSection
EndGlobal
